{
  "name": "plugin-weread-halo",
  "lockfileVersion": 3,
  "requires": true,
  "packages": {
    "": {
      "dependencies": {
        "@tanstack/vue-query": "^5.87.1"
      }
    },
    "node_modules/@tanstack/match-sorter-utils": {
      "version": "8.19.4",
      "resolved": "https://mirrors.huaweicloud.com/repository/npm/@tanstack/match-sorter-utils/-/match-sorter-utils-8.19.4.tgz",
      "integrity": "sha512-Wo1iKt2b9OT7d+YGhvEPD3DXvPv2etTusIMhMUoG7fbhmxcXCtIjJDEygy91Y2JFlwGyjqiBPRozme7UD8hoqg==",
      "license": "MIT",
      "dependencies": {
        "remove-accents": "0.5.0"
      },
      "engines": {
        "node": ">=12"
      },
      "funding": {
        "type": "github",
        "url": "https://github.com/sponsors/tannerlinsley"
      }
    },
    "node_modules/@tanstack/query-core": {
      "version": "5.87.1",
      "resolved": "https://mirrors.huaweicloud.com/repository/npm/@tanstack/query-core/-/query-core-5.87.1.tgz",
      "integrity": "sha512-HOFHVvhOCprrWvtccSzc7+RNqpnLlZ5R6lTmngb8aq7b4rc2/jDT0w+vLdQ4lD9bNtQ+/A4GsFXy030Gk4ollA==",
      "license": "MIT",
      "funding": {
        "type": "github",
        "url": "https://github.com/sponsors/tannerlinsley"
      }
    },
    "node_modules/@tanstack/vue-query": {
      "version": "5.87.1",
      "resolved": "https://mirrors.huaweicloud.com/repository/npm/@tanstack/vue-query/-/vue-query-5.87.1.tgz",
      "integrity": "sha512-QkVq+uMCqB5JRlyCdttxTlyKyNvCTGXAZJIVnpW72VJbA2oOY2mdh3xzaMulCHCHm0ZOm1mgKFB/fz+RHdjB7Q==",
      "license": "MIT",
      "dependencies": {
        "@tanstack/match-sorter-utils": "^8.19.4",
        "@tanstack/query-core": "5.87.1",
        "@vue/devtools-api": "^6.6.3",
        "vue-demi": "^0.14.10"
      },
      "funding": {
        "type": "github",
        "url": "https://github.com/sponsors/tannerlinsley"
      },
      "peerDependencies": {
        "@vue/composition-api": "^1.1.2",
        "vue": "^2.6.0 || ^3.3.0"
      },
      "peerDependenciesMeta": {
        "@vue/composition-api": {
          "optional": true
        }
      }
    },
    "node_modules/@vue/devtools-api": {
      "version": "6.6.4",
      "resolved": "https://mirrors.huaweicloud.com/repository/npm/@vue/devtools-api/-/devtools-api-6.6.4.tgz",
      "integrity": "sha512-sGhTPMuXqZ1rVOk32RylztWkfXTRhuS7vgAKv0zjqk8gbsHkJ7xfFf+jbySxt7tWObEJwyKaHMikV/WGDiQm8g==",
      "license": "MIT"
    },
    "node_modules/remove-accents": {
      "version": "0.5.0",
      "resolved": "https://mirrors.huaweicloud.com/repository/npm/remove-accents/-/remove-accents-0.5.0.tgz",
      "integrity": "sha512-8g3/Otx1eJaVD12e31UbJj1YzdtVvzH85HV7t+9MJYk/u3XmkOUJ5Ys9wQrf9PCPK8+xn4ymzqYCiZl6QWKn+A==",
      "license": "MIT"
    },
    "node_modules/vue": {
      "version": "2.6.14",
      "resolved": "https://mirrors.huaweicloud.com/repository/npm/vue/-/vue-2.6.14.tgz",
      "integrity": "sha512-x2284lgYvjOMj3Za7kqzRcUSxBboHqtgRE2zlos1qWaOye5yUmHn42LB1250NJBLRwEcdrB0JRwyPTEPhfQjiQ==",
      "deprecated": "Vue 2 has reached EOL and is no longer actively maintained. See https://v2.vuejs.org/eol/ for more details.",
      "license": "MIT",
      "peer": true
    },
    "node_modules/vue-demi": {
      "version": "0.14.10",
      "resolved": "https://mirrors.huaweicloud.com/repository/npm/vue-demi/-/vue-demi-0.14.10.tgz",
      "integrity": "sha512-nMZBOwuzabUO0nLgIcc6rycZEebF6eeUfaiQx9+WSk8e29IbLvPU9feI6tqW4kTo3hvoYAJkMh8n8D0fuISphg==",
      "hasInstallScript": true,
      "license": "MIT",
      "bin": {
        "vue-demi-fix": "bin/vue-demi-fix.js",
        "vue-demi-switch": "bin/vue-demi-switch.js"
      },
      "engines": {
        "node": ">=12"
      },
      "funding": {
        "url": "https://github.com/sponsors/antfu"
      },
      "peerDependencies": {
        "@vue/composition-api": "^1.0.0-rc.1",
        "vue": "^3.0.0-0 || ^2.6.0"
      },
      "peerDependenciesMeta": {
        "@vue/composition-api": {
          "optional": true
        }
      }
    }
  }
}
